
Microsoft Visual Studio Solution File, Format Version 12.00
# Visual Studio Version 17
VisualStudioVersion = 17.10.35027.167
MinimumVisualStudioVersion = 10.0.40219.1
Project("{FAE04EC0-301F-11D3-BF4B-00C04F79EFBC}") = "RawEndpoints", "RawEndpoints\RawEndpoints.csproj", "{DFB0890B-4B46-4547-BB37-C46118E67346}"
EndProject
Project("{FAE04EC0-301F-11D3-BF4B-00C04F79EFBC}") = "RawEndpoints.Filters", "RawEndpoints.Filters\RawEndpoints.Filters.csproj", "{5BBDA240-6519-4D63-BDDC-9DC300CC0AF2}"
EndProject
Global
	GlobalSection(SolutionConfigurationPlatforms) = preSolution
		Debug|Any CPU = Debug|Any CPU
		Release|Any CPU = Release|Any CPU
	EndGlobalSection
	GlobalSection(ProjectConfigurationPlatforms) = postSolution
		{DFB0890B-4B46-4547-BB37-C46118E67346}.Debug|Any CPU.ActiveCfg = Debug|Any CPU
		{DFB0890B-4B46-4547-BB37-C46118E67346}.Debug|Any CPU.Build.0 = Debug|Any CPU
		{DFB0890B-4B46-4547-BB37-C46118E67346}.Release|Any CPU.ActiveCfg = Release|Any CPU
		{DFB0890B-4B46-4547-BB37-C46118E67346}.Release|Any CPU.Build.0 = Release|Any CPU
		{5BBDA240-6519-4D63-BDDC-9DC300CC0AF2}.Debug|Any CPU.ActiveCfg = Debug|Any CPU
		{5BBDA240-6519-4D63-BDDC-9DC300CC0AF2}.Debug|Any CPU.Build.0 = Debug|Any CPU
		{5BBDA240-6519-4D63-BDDC-9DC300CC0AF2}.Release|Any CPU.ActiveCfg = Release|Any CPU
		{5BBDA240-6519-4D63-BDDC-9DC300CC0AF2}.Release|Any CPU.Build.0 = Release|Any CPU
	EndGlobalSection
	GlobalSection(SolutionProperties) = preSolution
		HideSolutionNode = FALSE
	EndGlobalSection
	GlobalSection(ExtensibilityGlobals) = postSolution
		SolutionGuid = {FC94A68A-03D6-43B6-985C-0143C710F76C}
	EndGlobalSection
EndGlobal
